{
  "version": 4,
  "terraform_version": "1.9.7",
  "serial": 139,
  "lineage": "d69db05f-f4a2-2e2f-536f-c16392671ea1",
  "outputs": {
    "web_server_ip": {
      "value": "13.232.230.222",
      "type": "string"
    }
  },
  "resources": [
    {
      "mode": "managed",
      "type": "aws_eip",
      "name": "nat",
      "provider": "provider[\"registry.terraform.io/hashicorp/aws\"]",
      "instances": [
        {
          "schema_version": 0,
          "attributes": {
            "address": null,
            "allocation_id": "eipalloc-07beb0205b5ff3116",
            "arn": "arn:aws:ec2:ap-south-1:014498622230:elastic-ip/eipalloc-07beb0205b5ff3116",
            "associate_with_private_ip": null,
            "association_id": "eipassoc-01d15092ab7e6e75b",
            "carrier_ip": "",
            "customer_owned_ip": "",
            "customer_owned_ipv4_pool": "",
            "domain": "vpc",
            "id": "eipalloc-07beb0205b5ff3116",
            "instance": "",
            "network_border_group": "ap-south-1",
            "network_interface": "eni-02c3c2c53b02a8d05",
            "private_dns": "ip-10-0-1-112.ap-south-1.compute.internal",
            "private_ip": "10.0.1.112",
            "ptr_record": "",
            "public_dns": "ec2-13-200-247-20.ap-south-1.compute.amazonaws.com",
            "public_ip": "13.200.247.20",
            "public_ipv4_pool": "amazon",
            "tags": {},
            "tags_all": {},
            "timeouts": null,
            "vpc": true
          },
          "sensitive_attributes": [],
          "private": "eyJlMmJmYjczMC1lY2FhLTExZTYtOGY4OC0zNDM2M2JjN2M0YzAiOnsiZGVsZXRlIjoxODAwMDAwMDAwMDAsInJlYWQiOjkwMDAwMDAwMDAwMCwidXBkYXRlIjozMDAwMDAwMDAwMDB9fQ=="
        }
      ]
    },
    {
      "mode": "managed",
      "type": "aws_instance",
      "name": "db_server",
      "provider": "provider[\"registry.terraform.io/hashicorp/aws\"]",
      "instances": [
        {
          "schema_version": 1,
          "attributes": {
            "ami": "ami-09b0a86a2c84101e1",
            "arn": "arn:aws:ec2:ap-south-1:014498622230:instance/i-02a75269d4ea1ac20",
            "associate_public_ip_address": false,
            "availability_zone": "ap-south-1b",
            "capacity_reservation_specification": [
              {
                "capacity_reservation_preference": "open",
                "capacity_reservation_target": []
              }
            ],
            "cpu_core_count": 1,
            "cpu_options": [
              {
                "amd_sev_snp": "",
                "core_count": 1,
                "threads_per_core": 1
              }
            ],
            "cpu_threads_per_core": 1,
            "credit_specification": [
              {
                "cpu_credits": "standard"
              }
            ],
            "disable_api_stop": false,
            "disable_api_termination": false,
            "ebs_block_device": [],
            "ebs_optimized": false,
            "enclave_options": [
              {
                "enabled": false
              }
            ],
            "ephemeral_block_device": [],
            "get_password_data": false,
            "hibernation": false,
            "host_id": "",
            "host_resource_group_arn": null,
            "iam_instance_profile": "",
            "id": "i-02a75269d4ea1ac20",
            "instance_initiated_shutdown_behavior": "stop",
            "instance_lifecycle": "",
            "instance_market_options": [],
            "instance_state": "running",
            "instance_type": "t2.micro",
            "ipv6_address_count": 0,
            "ipv6_addresses": [],
            "key_name": "terraform-generated-key",
            "launch_template": [],
            "maintenance_options": [
              {
                "auto_recovery": "default"
              }
            ],
            "metadata_options": [
              {
                "http_endpoint": "enabled",
                "http_protocol_ipv6": "disabled",
                "http_put_response_hop_limit": 1,
                "http_tokens": "optional",
                "instance_metadata_tags": "disabled"
              }
            ],
            "monitoring": false,
            "network_interface": [],
            "outpost_arn": "",
            "password_data": "",
            "placement_group": "",
            "placement_partition_number": 0,
            "primary_network_interface_id": "eni-0cef90ed47a0cbee1",
            "private_dns": "ip-10-0-2-44.ap-south-1.compute.internal",
            "private_dns_name_options": [
              {
                "enable_resource_name_dns_a_record": false,
                "enable_resource_name_dns_aaaa_record": false,
                "hostname_type": "ip-name"
              }
            ],
            "private_ip": "10.0.2.44",
            "public_dns": "",
            "public_ip": "",
            "root_block_device": [
              {
                "delete_on_termination": true,
                "device_name": "/dev/sda1",
                "encrypted": false,
                "iops": 100,
                "kms_key_id": "",
                "tags": {},
                "tags_all": {},
                "throughput": 0,
                "volume_id": "vol-007901e0f55ca4253",
                "volume_size": 8,
                "volume_type": "gp2"
              }
            ],
            "secondary_private_ips": [],
            "security_groups": [
              "sg-0e8679f0b9abb83ce"
            ],
            "source_dest_check": true,
            "spot_instance_request_id": "",
            "subnet_id": "subnet-08a0b3260d49a87f3",
            "tags": {
              "Name": "DBServer"
            },
            "tags_all": {
              "Name": "DBServer"
            },
            "tenancy": "default",
            "timeouts": null,
            "user_data": null,
            "user_data_base64": null,
            "user_data_replace_on_change": false,
            "volume_tags": null,
            "vpc_security_group_ids": [
              "sg-0e8679f0b9abb83ce"
            ]
          },
          "sensitive_attributes": [],
          "private": "eyJlMmJmYjczMC1lY2FhLTExZTYtOGY4OC0zNDM2M2JjN2M0YzAiOnsiY3JlYXRlIjo2MDAwMDAwMDAwMDAsImRlbGV0ZSI6MTIwMDAwMDAwMDAwMCwicmVhZCI6OTAwMDAwMDAwMDAwLCJ1cGRhdGUiOjYwMDAwMDAwMDAwMH0sInNjaGVtYV92ZXJzaW9uIjoiMSJ9",
          "dependencies": [
            "aws_security_group.db_sg",
            "aws_security_group.web_sg",
            "aws_subnet.private",
            "aws_vpc.main"
          ]
        }
      ]
    },
    {
      "mode": "managed",
      "type": "aws_instance",
      "name": "web_server",
      "provider": "provider[\"registry.terraform.io/hashicorp/aws\"]",
      "instances": [
        {
          "schema_version": 1,
          "attributes": {
            "ami": "ami-09b0a86a2c84101e1",
            "arn": "arn:aws:ec2:ap-south-1:014498622230:instance/i-0d21995d11f03f8cb",
            "associate_public_ip_address": true,
            "availability_zone": "ap-south-1a",
            "capacity_reservation_specification": [
              {
                "capacity_reservation_preference": "open",
                "capacity_reservation_target": []
              }
            ],
            "cpu_core_count": 1,
            "cpu_options": [
              {
                "amd_sev_snp": "",
                "core_count": 1,
                "threads_per_core": 1
              }
            ],
            "cpu_threads_per_core": 1,
            "credit_specification": [
              {
                "cpu_credits": "standard"
              }
            ],
            "disable_api_stop": false,
            "disable_api_termination": false,
            "ebs_block_device": [],
            "ebs_optimized": false,
            "enclave_options": [
              {
                "enabled": false
              }
            ],
            "ephemeral_block_device": [],
            "get_password_data": false,
            "hibernation": false,
            "host_id": "",
            "host_resource_group_arn": null,
            "iam_instance_profile": "",
            "id": "i-0d21995d11f03f8cb",
            "instance_initiated_shutdown_behavior": "stop",
            "instance_lifecycle": "",
            "instance_market_options": [],
            "instance_state": "running",
            "instance_type": "t2.micro",
            "ipv6_address_count": 0,
            "ipv6_addresses": [],
            "key_name": "terraform-generated-key",
            "launch_template": [],
            "maintenance_options": [
              {
                "auto_recovery": "default"
              }
            ],
            "metadata_options": [
              {
                "http_endpoint": "enabled",
                "http_protocol_ipv6": "disabled",
                "http_put_response_hop_limit": 1,
                "http_tokens": "optional",
                "instance_metadata_tags": "disabled"
              }
            ],
            "monitoring": false,
            "network_interface": [],
            "outpost_arn": "",
            "password_data": "",
            "placement_group": "",
            "placement_partition_number": 0,
            "primary_network_interface_id": "eni-0a0e1d61333eda0cf",
            "private_dns": "ip-10-0-1-181.ap-south-1.compute.internal",
            "private_dns_name_options": [
              {
                "enable_resource_name_dns_a_record": false,
                "enable_resource_name_dns_aaaa_record": false,
                "hostname_type": "ip-name"
              }
            ],
            "private_ip": "10.0.1.181",
            "public_dns": "",
            "public_ip": "13.232.230.222",
            "root_block_device": [
              {
                "delete_on_termination": true,
                "device_name": "/dev/sda1",
                "encrypted": false,
                "iops": 100,
                "kms_key_id": "",
                "tags": {},
                "tags_all": {},
                "throughput": 0,
                "volume_id": "vol-018ae72c770c5c438",
                "volume_size": 8,
                "volume_type": "gp2"
              }
            ],
            "secondary_private_ips": [],
            "security_groups": [
              "sg-022914726ac3f8a5d"
            ],
            "source_dest_check": true,
            "spot_instance_request_id": "",
            "subnet_id": "subnet-02405dd9570262ca2",
            "tags": {
              "Name": "WebServer"
            },
            "tags_all": {
              "Name": "WebServer"
            },
            "tenancy": "default",
            "timeouts": null,
            "user_data": null,
            "user_data_base64": null,
            "user_data_replace_on_change": false,
            "volume_tags": null,
            "vpc_security_group_ids": [
              "sg-022914726ac3f8a5d"
            ]
          },
          "sensitive_attributes": [],
          "private": "eyJlMmJmYjczMC1lY2FhLTExZTYtOGY4OC0zNDM2M2JjN2M0YzAiOnsiY3JlYXRlIjo2MDAwMDAwMDAwMDAsImRlbGV0ZSI6MTIwMDAwMDAwMDAwMCwicmVhZCI6OTAwMDAwMDAwMDAwLCJ1cGRhdGUiOjYwMDAwMDAwMDAwMH0sInNjaGVtYV92ZXJzaW9uIjoiMSJ9",
          "dependencies": [
            "aws_security_group.web_sg",
            "aws_subnet.public",
            "aws_vpc.main"
          ]
        }
      ]
    },
    {
      "mode": "managed",
      "type": "aws_internet_gateway",
      "name": "igw",
      "provider": "provider[\"registry.terraform.io/hashicorp/aws\"]",
      "instances": [
        {
          "schema_version": 0,
          "attributes": {
            "arn": "arn:aws:ec2:ap-south-1:014498622230:internet-gateway/igw-0a2377e28e72b0f43",
            "id": "igw-0a2377e28e72b0f43",
            "owner_id": "014498622230",
            "tags": {
              "Name": "terraform-igw"
            },
            "tags_all": {
              "Name": "terraform-igw"
            },
            "timeouts": null,
            "vpc_id": "vpc-06eba2c6d0bea4e58"
          },
          "sensitive_attributes": [],
          "private": "eyJlMmJmYjczMC1lY2FhLTExZTYtOGY4OC0zNDM2M2JjN2M0YzAiOnsiY3JlYXRlIjoxMjAwMDAwMDAwMDAwLCJkZWxldGUiOjEyMDAwMDAwMDAwMDAsInVwZGF0ZSI6MTIwMDAwMDAwMDAwMH19",
          "dependencies": [
            "aws_vpc.main"
          ]
        }
      ]
    },
    {
      "mode": "managed",
      "type": "aws_key_pair",
      "name": "generated_key_pair",
      "provider": "provider[\"registry.terraform.io/hashicorp/aws\"]",
      "instances": [
        {
          "schema_version": 1,
          "attributes": {
            "arn": "arn:aws:ec2:ap-south-1:014498622230:key-pair/terraform-generated-key",
            "fingerprint": "49:ea:fe:a7:7b:7b:e5:72:6f:08:1f:9e:86:8f:93:02",
            "id": "terraform-generated-key",
            "key_name": "terraform-generated-key",
            "key_name_prefix": "",
            "key_pair_id": "key-07812735c4b9b5446",
            "key_type": "rsa",
            "public_key": "ssh-rsa AAAAB3NzaC1yc2EAAAADAQABAAACAQDEwW7bnJbE6jcyYfZPh9CFVutOmVz/5ti7bOaZ89BzOlXpEvwe+TjjNFYIeiZUJylhLRjMrPIXlOzQqycrUzMXmye6Jech6pYhVUK9p/LhPmk1PfGtGna+ncLIAnRjFs62CaAoppL7M7wmu3D0NaHMUhVLatg+lCOOpnimuqyNxhlRD9VjTeFUJ0ZLJpnsMX4h02afLuCehuYUkqyzOPYK3hTxoAdee2IyVedVYWcK8RK5qci9BJO5TaE9IdVO5bakqUGjydr5y5gUpChBEDm2cFTl4GbVi7MJ5mmOrpBcGXXPDGUdTkkEdUMxCQu1QrwnFOXAP9P/d5sLhv03Pp5BH9XbGAk4hMjGl2A7UhmqpoEL+3XuZwc5xyY53k7jWs77kUqC8KvkEfik+YJBEOp7nUxipZSZyZFoqJQb1SAHxT5g/TI+q2Ja528OG5KzGqmyBxkuzkwIln4i+FoP5Fj32/O3HKq9hMPL98pEXtsuwSGTGc0Ov8QLPg0TrKQMg787u24u7AwPKIvqSG1rBj4xvivcO1GkZLmf8mUZ7OkOAhzfo6Ok7b+baTCtBeZVGTIP8Fa7ikAVoQtHfCep15nXtb9V7BdEyf1T5k1yNy1Q7lH2Bnljw73LxzYxTbOIt7mvNQInJlSsXFtVgcOiWVbsnftQXnttyZsrEQXB5xrGkw==",
            "tags": {},
            "tags_all": {}
          },
          "sensitive_attributes": [],
          "private": "eyJzY2hlbWFfdmVyc2lvbiI6IjEifQ==",
          "dependencies": [
            "tls_private_key.example"
          ]
        }
      ]
    },
    {
      "mode": "managed",
      "type": "aws_nat_gateway",
      "name": "nat",
      "provider": "provider[\"registry.terraform.io/hashicorp/aws\"]",
      "instances": [
        {
          "schema_version": 0,
          "attributes": {
            "allocation_id": "eipalloc-07beb0205b5ff3116",
            "association_id": "eipassoc-01d15092ab7e6e75b",
            "connectivity_type": "public",
            "id": "nat-005d74e0b4f067363",
            "network_interface_id": "eni-02c3c2c53b02a8d05",
            "private_ip": "10.0.1.112",
            "public_ip": "13.200.247.20",
            "secondary_allocation_ids": [],
            "secondary_private_ip_address_count": 0,
            "secondary_private_ip_addresses": [],
            "subnet_id": "subnet-02405dd9570262ca2",
            "tags": {
              "Name": "terraform-nat-gw"
            },
            "tags_all": {
              "Name": "terraform-nat-gw"
            },
            "timeouts": null
          },
          "sensitive_attributes": [],
          "private": "eyJlMmJmYjczMC1lY2FhLTExZTYtOGY4OC0zNDM2M2JjN2M0YzAiOnsiY3JlYXRlIjo2MDAwMDAwMDAwMDAsImRlbGV0ZSI6MTgwMDAwMDAwMDAwMCwidXBkYXRlIjo2MDAwMDAwMDAwMDB9fQ==",
          "dependencies": [
            "aws_eip.nat",
            "aws_subnet.public",
            "aws_vpc.main"
          ]
        }
      ]
    },
    {
      "mode": "managed",
      "type": "aws_route_table",
      "name": "private_rt",
      "provider": "provider[\"registry.terraform.io/hashicorp/aws\"]",
      "instances": [
        {
          "schema_version": 0,
          "attributes": {
            "arn": "arn:aws:ec2:ap-south-1:014498622230:route-table/rtb-01336d2943b6b002a",
            "id": "rtb-01336d2943b6b002a",
            "owner_id": "014498622230",
            "propagating_vgws": [],
            "route": [
              {
                "carrier_gateway_id": "",
                "cidr_block": "0.0.0.0/0",
                "core_network_arn": "",
                "destination_prefix_list_id": "",
                "egress_only_gateway_id": "",
                "gateway_id": "",
                "ipv6_cidr_block": "",
                "local_gateway_id": "",
                "nat_gateway_id": "nat-005d74e0b4f067363",
                "network_interface_id": "",
                "transit_gateway_id": "",
                "vpc_endpoint_id": "",
                "vpc_peering_connection_id": ""
              }
            ],
            "tags": {
              "Name": "terraform-private-rtb"
            },
            "tags_all": {
              "Name": "terraform-private-rtb"
            },
            "timeouts": null,
            "vpc_id": "vpc-06eba2c6d0bea4e58"
          },
          "sensitive_attributes": [],
          "private": "eyJlMmJmYjczMC1lY2FhLTExZTYtOGY4OC0zNDM2M2JjN2M0YzAiOnsiY3JlYXRlIjozMDAwMDAwMDAwMDAsImRlbGV0ZSI6MzAwMDAwMDAwMDAwLCJ1cGRhdGUiOjEyMDAwMDAwMDAwMH19",
          "dependencies": [
            "aws_eip.nat",
            "aws_nat_gateway.nat",
            "aws_subnet.public",
            "aws_vpc.main"
          ]
        }
      ]
    },
    {
      "mode": "managed",
      "type": "aws_route_table",
      "name": "public_rt",
      "provider": "provider[\"registry.terraform.io/hashicorp/aws\"]",
      "instances": [
        {
          "schema_version": 0,
          "attributes": {
            "arn": "arn:aws:ec2:ap-south-1:014498622230:route-table/rtb-04a553fc8207c1d1a",
            "id": "rtb-04a553fc8207c1d1a",
            "owner_id": "014498622230",
            "propagating_vgws": [],
            "route": [
              {
                "carrier_gateway_id": "",
                "cidr_block": "0.0.0.0/0",
                "core_network_arn": "",
                "destination_prefix_list_id": "",
                "egress_only_gateway_id": "",
                "gateway_id": "igw-0a2377e28e72b0f43",
                "ipv6_cidr_block": "",
                "local_gateway_id": "",
                "nat_gateway_id": "",
                "network_interface_id": "",
                "transit_gateway_id": "",
                "vpc_endpoint_id": "",
                "vpc_peering_connection_id": ""
              }
            ],
            "tags": {
              "Name": "terraform-public-rtb"
            },
            "tags_all": {
              "Name": "terraform-public-rtb"
            },
            "timeouts": null,
            "vpc_id": "vpc-06eba2c6d0bea4e58"
          },
          "sensitive_attributes": [],
          "private": "eyJlMmJmYjczMC1lY2FhLTExZTYtOGY4OC0zNDM2M2JjN2M0YzAiOnsiY3JlYXRlIjozMDAwMDAwMDAwMDAsImRlbGV0ZSI6MzAwMDAwMDAwMDAwLCJ1cGRhdGUiOjEyMDAwMDAwMDAwMH19",
          "dependencies": [
            "aws_internet_gateway.igw",
            "aws_vpc.main"
          ]
        }
      ]
    },
    {
      "mode": "managed",
      "type": "aws_route_table_association",
      "name": "private_association",
      "provider": "provider[\"registry.terraform.io/hashicorp/aws\"]",
      "instances": [
        {
          "schema_version": 0,
          "attributes": {
            "gateway_id": "",
            "id": "rtbassoc-097b95c414471cbd4",
            "route_table_id": "rtb-01336d2943b6b002a",
            "subnet_id": "subnet-08a0b3260d49a87f3",
            "timeouts": null
          },
          "sensitive_attributes": [],
          "private": "eyJlMmJmYjczMC1lY2FhLTExZTYtOGY4OC0zNDM2M2JjN2M0YzAiOnsiY3JlYXRlIjozMDAwMDAwMDAwMDAsImRlbGV0ZSI6MzAwMDAwMDAwMDAwLCJ1cGRhdGUiOjEyMDAwMDAwMDAwMH19",
          "dependencies": [
            "aws_eip.nat",
            "aws_nat_gateway.nat",
            "aws_route_table.private_rt",
            "aws_subnet.private",
            "aws_subnet.public",
            "aws_vpc.main"
          ]
        }
      ]
    },
    {
      "mode": "managed",
      "type": "aws_route_table_association",
      "name": "public_association",
      "provider": "provider[\"registry.terraform.io/hashicorp/aws\"]",
      "instances": [
        {
          "schema_version": 0,
          "attributes": {
            "gateway_id": "",
            "id": "rtbassoc-0c089b013c8f2e2bd",
            "route_table_id": "rtb-04a553fc8207c1d1a",
            "subnet_id": "subnet-02405dd9570262ca2",
            "timeouts": null
          },
          "sensitive_attributes": [],
          "private": "eyJlMmJmYjczMC1lY2FhLTExZTYtOGY4OC0zNDM2M2JjN2M0YzAiOnsiY3JlYXRlIjozMDAwMDAwMDAwMDAsImRlbGV0ZSI6MzAwMDAwMDAwMDAwLCJ1cGRhdGUiOjEyMDAwMDAwMDAwMH19",
          "dependencies": [
            "aws_internet_gateway.igw",
            "aws_route_table.public_rt",
            "aws_subnet.public",
            "aws_vpc.main"
          ]
        }
      ]
    },
    {
      "mode": "managed",
      "type": "aws_security_group",
      "name": "db_sg",
      "provider": "provider[\"registry.terraform.io/hashicorp/aws\"]",
      "instances": [
        {
          "schema_version": 1,
          "attributes": {
            "arn": "arn:aws:ec2:ap-south-1:014498622230:security-group/sg-0e8679f0b9abb83ce",
            "description": "Managed by Terraform",
            "egress": [
              {
                "cidr_blocks": [
                  "0.0.0.0/0"
                ],
                "description": "",
                "from_port": 0,
                "ipv6_cidr_blocks": [],
                "prefix_list_ids": [],
                "protocol": "-1",
                "security_groups": [],
                "self": false,
                "to_port": 0
              }
            ],
            "id": "sg-0e8679f0b9abb83ce",
            "ingress": [
              {
                "cidr_blocks": [
                  "0.0.0.0/0"
                ],
                "description": "",
                "from_port": 22,
                "ipv6_cidr_blocks": [],
                "prefix_list_ids": [],
                "protocol": "tcp",
                "security_groups": [],
                "self": false,
                "to_port": 22
              },
              {
                "cidr_blocks": [],
                "description": "",
                "from_port": 3306,
                "ipv6_cidr_blocks": [],
                "prefix_list_ids": [],
                "protocol": "tcp",
                "security_groups": [
                  "sg-022914726ac3f8a5d"
                ],
                "self": false,
                "to_port": 3306
              }
            ],
            "name": "terraform-20241009142502685700000003",
            "name_prefix": "terraform-",
            "owner_id": "014498622230",
            "revoke_rules_on_delete": false,
            "tags": {
              "Name": "db_server_sg"
            },
            "tags_all": {
              "Name": "db_server_sg"
            },
            "timeouts": null,
            "vpc_id": "vpc-06eba2c6d0bea4e58"
          },
          "sensitive_attributes": [],
          "private": "eyJlMmJmYjczMC1lY2FhLTExZTYtOGY4OC0zNDM2M2JjN2M0YzAiOnsiY3JlYXRlIjo2MDAwMDAwMDAwMDAsImRlbGV0ZSI6OTAwMDAwMDAwMDAwfSwic2NoZW1hX3ZlcnNpb24iOiIxIn0=",
          "dependencies": [
            "aws_security_group.web_sg",
            "aws_vpc.main"
          ]
        }
      ]
    },
    {
      "mode": "managed",
      "type": "aws_security_group",
      "name": "web_sg",
      "provider": "provider[\"registry.terraform.io/hashicorp/aws\"]",
      "instances": [
        {
          "schema_version": 1,
          "attributes": {
            "arn": "arn:aws:ec2:ap-south-1:014498622230:security-group/sg-022914726ac3f8a5d",
            "description": "Managed by Terraform",
            "egress": [
              {
                "cidr_blocks": [
                  "0.0.0.0/0"
                ],
                "description": "",
                "from_port": 0,
                "ipv6_cidr_blocks": [],
                "prefix_list_ids": [],
                "protocol": "-1",
                "security_groups": [],
                "self": false,
                "to_port": 0
              }
            ],
            "id": "sg-022914726ac3f8a5d",
            "ingress": [
              {
                "cidr_blocks": [
                  "0.0.0.0/0"
                ],
                "description": "",
                "from_port": 22,
                "ipv6_cidr_blocks": [],
                "prefix_list_ids": [],
                "protocol": "tcp",
                "security_groups": [],
                "self": false,
                "to_port": 22
              },
              {
                "cidr_blocks": [
                  "0.0.0.0/0"
                ],
                "description": "",
                "from_port": 80,
                "ipv6_cidr_blocks": [],
                "prefix_list_ids": [],
                "protocol": "tcp",
                "security_groups": [],
                "self": false,
                "to_port": 80
              }
            ],
            "name": "terraform-20241009142500233700000001",
            "name_prefix": "terraform-",
            "owner_id": "014498622230",
            "revoke_rules_on_delete": false,
            "tags": {
              "Name": "web_server_sg"
            },
            "tags_all": {
              "Name": "web_server_sg"
            },
            "timeouts": null,
            "vpc_id": "vpc-06eba2c6d0bea4e58"
          },
          "sensitive_attributes": [],
          "private": "eyJlMmJmYjczMC1lY2FhLTExZTYtOGY4OC0zNDM2M2JjN2M0YzAiOnsiY3JlYXRlIjo2MDAwMDAwMDAwMDAsImRlbGV0ZSI6OTAwMDAwMDAwMDAwfSwic2NoZW1hX3ZlcnNpb24iOiIxIn0=",
          "dependencies": [
            "aws_vpc.main"
          ]
        }
      ]
    },
    {
      "mode": "managed",
      "type": "aws_subnet",
      "name": "private",
      "provider": "provider[\"registry.terraform.io/hashicorp/aws\"]",
      "instances": [
        {
          "schema_version": 1,
          "attributes": {
            "arn": "arn:aws:ec2:ap-south-1:014498622230:subnet/subnet-08a0b3260d49a87f3",
            "assign_ipv6_address_on_creation": false,
            "availability_zone": "ap-south-1b",
            "availability_zone_id": "aps1-az3",
            "cidr_block": "10.0.2.0/24",
            "customer_owned_ipv4_pool": "",
            "enable_dns64": false,
            "enable_lni_at_device_index": 0,
            "enable_resource_name_dns_a_record_on_launch": false,
            "enable_resource_name_dns_aaaa_record_on_launch": false,
            "id": "subnet-08a0b3260d49a87f3",
            "ipv6_cidr_block": "",
            "ipv6_cidr_block_association_id": "",
            "ipv6_native": false,
            "map_customer_owned_ip_on_launch": false,
            "map_public_ip_on_launch": false,
            "outpost_arn": "",
            "owner_id": "014498622230",
            "private_dns_hostname_type_on_launch": "ip-name",
            "tags": {
              "Name": "terraform-private-subnet"
            },
            "tags_all": {
              "Name": "terraform-private-subnet"
            },
            "timeouts": null,
            "vpc_id": "vpc-06eba2c6d0bea4e58"
          },
          "sensitive_attributes": [],
          "private": "eyJlMmJmYjczMC1lY2FhLTExZTYtOGY4OC0zNDM2M2JjN2M0YzAiOnsiY3JlYXRlIjo2MDAwMDAwMDAwMDAsImRlbGV0ZSI6MTIwMDAwMDAwMDAwMH0sInNjaGVtYV92ZXJzaW9uIjoiMSJ9",
          "dependencies": [
            "aws_vpc.main"
          ]
        }
      ]
    },
    {
      "mode": "managed",
      "type": "aws_subnet",
      "name": "public",
      "provider": "provider[\"registry.terraform.io/hashicorp/aws\"]",
      "instances": [
        {
          "schema_version": 1,
          "attributes": {
            "arn": "arn:aws:ec2:ap-south-1:014498622230:subnet/subnet-02405dd9570262ca2",
            "assign_ipv6_address_on_creation": false,
            "availability_zone": "ap-south-1a",
            "availability_zone_id": "aps1-az1",
            "cidr_block": "10.0.1.0/24",
            "customer_owned_ipv4_pool": "",
            "enable_dns64": false,
            "enable_lni_at_device_index": 0,
            "enable_resource_name_dns_a_record_on_launch": false,
            "enable_resource_name_dns_aaaa_record_on_launch": false,
            "id": "subnet-02405dd9570262ca2",
            "ipv6_cidr_block": "",
            "ipv6_cidr_block_association_id": "",
            "ipv6_native": false,
            "map_customer_owned_ip_on_launch": false,
            "map_public_ip_on_launch": true,
            "outpost_arn": "",
            "owner_id": "014498622230",
            "private_dns_hostname_type_on_launch": "ip-name",
            "tags": {
              "Name": "terraform-public-subnet"
            },
            "tags_all": {
              "Name": "terraform-public-subnet"
            },
            "timeouts": null,
            "vpc_id": "vpc-06eba2c6d0bea4e58"
          },
          "sensitive_attributes": [],
          "private": "eyJlMmJmYjczMC1lY2FhLTExZTYtOGY4OC0zNDM2M2JjN2M0YzAiOnsiY3JlYXRlIjo2MDAwMDAwMDAwMDAsImRlbGV0ZSI6MTIwMDAwMDAwMDAwMH0sInNjaGVtYV92ZXJzaW9uIjoiMSJ9",
          "dependencies": [
            "aws_vpc.main"
          ]
        }
      ]
    },
    {
      "mode": "managed",
      "type": "aws_vpc",
      "name": "main",
      "provider": "provider[\"registry.terraform.io/hashicorp/aws\"]",
      "instances": [
        {
          "schema_version": 1,
          "attributes": {
            "arn": "arn:aws:ec2:ap-south-1:014498622230:vpc/vpc-06eba2c6d0bea4e58",
            "assign_generated_ipv6_cidr_block": false,
            "cidr_block": "10.0.0.0/16",
            "default_network_acl_id": "acl-0aa1967e64c3b0fbc",
            "default_route_table_id": "rtb-05bf4d6b05a002e0e",
            "default_security_group_id": "sg-05be3bf85f65b0fdb",
            "dhcp_options_id": "dopt-050a1a5d3f6653d0a",
            "enable_dns_hostnames": false,
            "enable_dns_support": true,
            "enable_network_address_usage_metrics": false,
            "id": "vpc-06eba2c6d0bea4e58",
            "instance_tenancy": "default",
            "ipv4_ipam_pool_id": null,
            "ipv4_netmask_length": null,
            "ipv6_association_id": "",
            "ipv6_cidr_block": "",
            "ipv6_cidr_block_network_border_group": "",
            "ipv6_ipam_pool_id": "",
            "ipv6_netmask_length": 0,
            "main_route_table_id": "rtb-05bf4d6b05a002e0e",
            "owner_id": "014498622230",
            "tags": {
              "Name": "terraform-vpc"
            },
            "tags_all": {
              "Name": "terraform-vpc"
            }
          },
          "sensitive_attributes": [],
          "private": "eyJzY2hlbWFfdmVyc2lvbiI6IjEifQ=="
        }
      ]
    },
    {
      "mode": "managed",
      "type": "local_file",
      "name": "private_key",
      "provider": "provider[\"registry.terraform.io/hashicorp/local\"]",
      "instances": [
        {
          "schema_version": 0,
          "attributes": {
            "content": "-----BEGIN RSA PRIVATE KEY-----\nMIIJKQIBAAKCAgEAxMFu25yWxOo3MmH2T4fQhVbrTplc/+bYu2zmmfPQczpV6RL8\nHvk44zRWCHomVCcpYS0YzKzyF5Ts0KsnK1MzF5snuiXnIeqWIVVCvafy4T5pNT3x\nrRp2vp3CyAJ0YxbOtgmgKKaS+zO8Jrtw9DWhzFIVS2rYPpQjjqZ4prqsjcYZUQ/V\nY03hVCdGSyaZ7DF+IdNmny7gnobmFJKsszj2Ct4U8aAHXntiMlXnVWFnCvESuanI\nvQSTuU2hPSHVTuW2pKlBo8na+cuYFKQoQRA5tnBU5eBm1YuzCeZpjq6QXBl1zwxl\nHU5JBHVDMQkLtUK8JxTlwD/T/3ebC4b9Nz6eQR/V2xgJOITIxpdgO1IZqqaBC/t1\n7mcHOccmOd5O41rO+5FKgvCr5BH4pPmCQRDqe51MYqWUmcmRaKiUG9UgB8U+YP0y\nPqtiWudvDhuSsxqpsgcZLs5MCJZ+IvhaD+RY99vztxyqvYTDy/fKRF7bLsEhkxnN\nDr/ECz4NE6ykDIO/O7tuLuwMDyiL6khtawY+Mb4r3DtRpGS5n/JlGezpDgIc36Oj\npO2/m2kwrQXmVRkyD/BWu4pAFaELR3wnqdeZ17W/VewXRMn9U+ZNcjctUO5R9gZ5\nY8O9y8c2MU2ziLe5rzUCJyZUrFxbVYHDollW7J37UF57bcmbKxEFwecaxpMCAwEA\nAQKCAgBkVvlAChVhishna0n/uRWASplp1hB1eLairqDTdmGhweg6GrJ04Ug/plsR\nq6mMVQRnSGZTSweTOyGiMQais6Vkrn2OEvJSe53gleiZa+MTN47T1ik/zDUudKn2\n8jmEpwb4EuSYlopyjSmw3vp1sDw5RMsTUQPCti2D/CWfcae6DYKvslFyeS8miXjx\nrlfk+kCG45Z8K53leoovh7WHGM9xL1yi9KeNaYLkhKabBjdUfyi7gnia3JCxeYN2\n96AewktooeCVtMV1inyeWjElLS8heRvyt4P592pw7A58800vitRnqLyQO3JFUb/Y\na/KKl+P4UlHwvxxQNiDduhO8brSpPsXpOQ39zeg9jC3Vw4hjxemeyf/Q8JKcq835\npliWgzUhz9iVav6LGwYe09zPu0cbsBe2uJoO/cFq0HoSiaSDZEITjL7dJx/tify2\nqihIFEv41UoIj5esFR1YHtp+WzCG5jIOJ9D5wy9aUtiOYdQbgXBjJ9WVZYOZJQVK\nJ0CMlBlDGm6j1+gYEOA1ft6RO2uNWJ4siz/zRgxuOHXLzH9QdORHGdP0hzXRRI4j\nbqd4nZyfe7jJdi9+2KAk1TLw8PYbp9OIPXAJSqo6nR9PWhAUGeoWXnWpR3Jo06kD\nr95KhKOSl1F30BC7KdHO0cvRAftdoKi0xYgBaXuIVfIwRUFgQQKCAQEA/6ikLU+7\najHn3v9SIlNgLfQ/6PboWkZInKVe+QKIZCQSO/fYiId/nB5+O2gAW1iQX1H4VN/O\nlQ3ayRm+xKhQbyi3OXULxMkIlw/UjMKkPAzBJBprWdJv+RtGvlWYWu9PBRMre0D5\nGVrtKvmhkNyXywIYcru09xG9DYYdZ68PEuonEjJXS7asi+YGWRv+aTgwFiwMoc1g\n9rXFjUHtd5I2+46nuOvhJE2w3Rs90MgVyIHxfVto5aFt7ny09CQbxunjZqUIPKRE\nhlnev83UDC5L6Wdwqs6PqM7I/rr7e7bnL/DpNLVvUSlqzHQiSyDWlOWyLRCdo+7S\nssWLUK65pNc2QwKCAQEAxQSqHDoiF80HGTtJiMNPGFGwq0U7cyK7CjiBpK4KJAfY\ndZUMsscgyIFkimM0xl5of5hZvMcOtANMDAUCoxCYJ9ruPECfmzRgvs533rID5YWK\nMS2QoOoSlKSteIPp8YASJ1eDFVcwMHPfkIL9E/wBfrXRU8V3DPd/WCOzFx3NQboU\nOBpiCBNzjC1+WDlLsUESVm2MlRXqMfNWPpA6u9CHXSo6z7eb3w7MB0U3GjH/2sQl\n7Bvl1plgmZQ2yhJ9eaWUFttPaLPrHkdNcqatpSvrSG01ENE0i/Yh2ZwDhTjk2fS+\n3vL/+YCHaedo3U3zqQSaO29KZx1Zpjcl1FPcCVMxcQKCAQEAlcI92eUYzc5KG1DI\n1h6s+n5Xaaoo1ajSJCCjD46yQqb2n3ZBu0hUMimSnE4B14B7obqsk1s+8gVZoe+Y\n1i4aX+Mj4V509GMmywaU5ZenCR4XjYSEWetxeCTIPfp58tq4GSrvj5Wx1W5z+3ab\nc/YkXODvXVYjXY9ghSmI1BGx7MyI8pnWlR1+2bx2/3/secpWMMbA548dO6ei/2od\nJqvZ1WXtTd+u1MtFzV+FyGVMjVXBFkOToN/9O3SFs3XrZ4vej2Qg/RTkpybB2u1B\nR5lfEmxrjULO2H25M65oXkH4Dxc6JIwblxmB3B4zcHrd9/7NbqSLE1p0xg/92ddg\nG/WNbQKCAQBPkxC6EejPQCpL0Jxktq3tnqECrBXU7QQqnqQORZUm9FxDMY5NbwwY\nr9pR4rvgGyWN05T7IFMZ9fLzL9rezccG4fAzOc69OyyQJIhZ1ACq5YLpVgQCWkhi\n7Rh7gpwsxJOQfFIffnWiPErh7WYWekSITxtbAHiTLiurB9A/1/OdRnEAL/fEV0bm\nKUHMlGe0Eho7+kc7t/w9bJE697ohPZpO0M2sM/aq4ykZDqWw2N0EGRFQCfyM7qoL\nncd7Wnh/d5cWnEG4gmLGefoYAqZD/jcrq6AxSK42kZUedVsepdoZBjdJiVBGD9mh\ntquuJtvxOkCpHMwqVbpt3fxThANtaMKhAoIBAQCPTDVBhmgiHY+pquAIxZQfg7QX\n56+xETiAF05Lme8E+jnnjAa+hBK01FMA4P4fFiGrddEptr3oBMSN36wP9j/CTHh2\nci81ETS0pLLlmJfYrg0vE3lD8FO/bQmBoM7XFQ9cyOPi+E/yA95LUo1+hDtdwBCB\nZYRzKoij1yUVXy+9rL/M6Kifl6E6AiIjccPte15lONUoH53GrXHhfFtM+B3J8LF2\nhnlNTqEYT8jI76ri/12RrjXBvkN0Xj59hZZLE/SknaVMFne5LbGj7GxEry2bFpAB\nSdc+sIZC8CThqwCI1G2b9MmLwf1TdcVcVJsnrir/1ivCRwHnSp3JU2f3cDwi\n-----END RSA PRIVATE KEY-----\n",
            "content_base64": null,
            "content_base64sha256": "nibCFzEv7sOLEHmIHf6yFmzOBuYY68PR0GftZFy3DNk=",
            "content_base64sha512": "tRSF5+ClDjePJXSumVsS0gsdicpu3T11t1mbI1qqTKmD7VVLvq88opwiQct477pCdcqDlYaLxE+VAuAXxE8Eng==",
            "content_md5": "31b150fecb34ce1a95f3d145de5f73d5",
            "content_sha1": "84d5195f71adde42a9a100c33ee2105bd5bc8354",
            "content_sha256": "9e26c217312feec38b1079881dfeb2166cce06e618ebc3d1d067ed645cb70cd9",
            "content_sha512": "b51485e7e0a50e378f2574ae995b12d20b1d89ca6edd3d75b7599b235aaa4ca983ed554bbeaf3ca29c2241cb78efba4275ca8395868bc44f9502e017c44f049e",
            "directory_permission": "0777",
            "file_permission": "0777",
            "filename": "./terraform-generated-key.pem",
            "id": "84d5195f71adde42a9a100c33ee2105bd5bc8354",
            "sensitive_content": null,
            "source": null
          },
          "sensitive_attributes": [
            [
              {
                "type": "get_attr",
                "value": "content"
              }
            ],
            [
              {
                "type": "get_attr",
                "value": "sensitive_content"
              }
            ]
          ],
          "dependencies": [
            "tls_private_key.example"
          ]
        }
      ]
    },
    {
      "mode": "managed",
      "type": "tls_private_key",
      "name": "example",
      "provider": "provider[\"registry.terraform.io/hashicorp/tls\"]",
      "instances": [
        {
          "schema_version": 1,
          "attributes": {
            "algorithm": "RSA",
            "ecdsa_curve": "P224",
            "id": "9320763954be38d8e83c82e447ef0f1438b6be62",
            "private_key_openssh": "-----BEGIN OPENSSH PRIVATE KEY-----\nb3BlbnNzaC1rZXktdjEAAAAABG5vbmUAAAAEbm9uZQAAAAAAAAABAAACFwAAAAdz\nc2gtcnNhAAAAAwEAAQAAAgEAxMFu25yWxOo3MmH2T4fQhVbrTplc/+bYu2zmmfPQ\nczpV6RL8Hvk44zRWCHomVCcpYS0YzKzyF5Ts0KsnK1MzF5snuiXnIeqWIVVCvafy\n4T5pNT3xrRp2vp3CyAJ0YxbOtgmgKKaS+zO8Jrtw9DWhzFIVS2rYPpQjjqZ4prqs\njcYZUQ/VY03hVCdGSyaZ7DF+IdNmny7gnobmFJKsszj2Ct4U8aAHXntiMlXnVWFn\nCvESuanIvQSTuU2hPSHVTuW2pKlBo8na+cuYFKQoQRA5tnBU5eBm1YuzCeZpjq6Q\nXBl1zwxlHU5JBHVDMQkLtUK8JxTlwD/T/3ebC4b9Nz6eQR/V2xgJOITIxpdgO1IZ\nqqaBC/t17mcHOccmOd5O41rO+5FKgvCr5BH4pPmCQRDqe51MYqWUmcmRaKiUG9Ug\nB8U+YP0yPqtiWudvDhuSsxqpsgcZLs5MCJZ+IvhaD+RY99vztxyqvYTDy/fKRF7b\nLsEhkxnNDr/ECz4NE6ykDIO/O7tuLuwMDyiL6khtawY+Mb4r3DtRpGS5n/JlGezp\nDgIc36OjpO2/m2kwrQXmVRkyD/BWu4pAFaELR3wnqdeZ17W/VewXRMn9U+ZNcjct\nUO5R9gZ5Y8O9y8c2MU2ziLe5rzUCJyZUrFxbVYHDollW7J37UF57bcmbKxEFweca\nxpMAAAc4EalmuhGpZroAAAAHc3NoLXJzYQAAAgEAxMFu25yWxOo3MmH2T4fQhVbr\nTplc/+bYu2zmmfPQczpV6RL8Hvk44zRWCHomVCcpYS0YzKzyF5Ts0KsnK1MzF5sn\nuiXnIeqWIVVCvafy4T5pNT3xrRp2vp3CyAJ0YxbOtgmgKKaS+zO8Jrtw9DWhzFIV\nS2rYPpQjjqZ4prqsjcYZUQ/VY03hVCdGSyaZ7DF+IdNmny7gnobmFJKsszj2Ct4U\n8aAHXntiMlXnVWFnCvESuanIvQSTuU2hPSHVTuW2pKlBo8na+cuYFKQoQRA5tnBU\n5eBm1YuzCeZpjq6QXBl1zwxlHU5JBHVDMQkLtUK8JxTlwD/T/3ebC4b9Nz6eQR/V\n2xgJOITIxpdgO1IZqqaBC/t17mcHOccmOd5O41rO+5FKgvCr5BH4pPmCQRDqe51M\nYqWUmcmRaKiUG9UgB8U+YP0yPqtiWudvDhuSsxqpsgcZLs5MCJZ+IvhaD+RY99vz\ntxyqvYTDy/fKRF7bLsEhkxnNDr/ECz4NE6ykDIO/O7tuLuwMDyiL6khtawY+Mb4r\n3DtRpGS5n/JlGezpDgIc36OjpO2/m2kwrQXmVRkyD/BWu4pAFaELR3wnqdeZ17W/\nVewXRMn9U+ZNcjctUO5R9gZ5Y8O9y8c2MU2ziLe5rzUCJyZUrFxbVYHDollW7J37\nUF57bcmbKxEFwecaxpMAAAADAQABAAACAGRW+UAKFWGKyGdrSf+5FYBKmWnWEHV4\ntqKuoNN2YaHB6DoasnThSD+mWxGrqYxVBGdIZlNLB5M7IaIxBqKzpWSufY4S8lJ7\nneCV6Jlr4xM3jtPWKT/MNS50qfbyOYSnBvgS5JiWinKNKbDe+nWwPDlEyxNRA8K2\nLYP8JZ9xp7oNgq+yUXJ5LyaJePGuV+T6QIbjlnwrneV6ii+HtYcYz3EvXKL0p41p\nguSEppsGN1R/KLuCeJrckLF5g3b3oB7CS2ih4JW0xXWKfJ5aMSUtLyF5G/K3g/n3\nanDsDnzzTS+K1GeovJA7ckVRv9hr8oqX4/hSUfC/HFA2IN26E7xutKk+xek5Df3N\n6D2MLdXDiGPF6Z7J/9DwkpyrzfmmWJaDNSHP2JVq/osbBh7T3M+7RxuwF7a4mg79\nwWrQehKJpINkQhOMvt0nH+2J/LaqKEgUS/jVSgiPl6wVHVge2n5bMIbmMg4n0PnD\nL1pS2I5h1BuBcGMn1ZVlg5klBUonQIyUGUMabqPX6BgQ4DV+3pE7a41YniyLP/NG\nDG44dcvMf1B05EcZ0/SHNdFEjiNup3idnJ97uMl2L37YoCTVMvDw9hun04g9cAlK\nqjqdH09aEBQZ6hZedalHcmjTqQOv3kqEo5KXUXfQELsp0c7Ry9EB+12gqLTFiAFp\ne4hV8jBFQWBBAAABAQCPTDVBhmgiHY+pquAIxZQfg7QX56+xETiAF05Lme8E+jnn\njAa+hBK01FMA4P4fFiGrddEptr3oBMSN36wP9j/CTHh2ci81ETS0pLLlmJfYrg0v\nE3lD8FO/bQmBoM7XFQ9cyOPi+E/yA95LUo1+hDtdwBCBZYRzKoij1yUVXy+9rL/M\n6Kifl6E6AiIjccPte15lONUoH53GrXHhfFtM+B3J8LF2hnlNTqEYT8jI76ri/12R\nrjXBvkN0Xj59hZZLE/SknaVMFne5LbGj7GxEry2bFpABSdc+sIZC8CThqwCI1G2b\n9MmLwf1TdcVcVJsnrir/1ivCRwHnSp3JU2f3cDwiAAABAQD/qKQtT7tqMefe/1Ii\nU2At9D/o9uhaRkicpV75AohkJBI799iIh3+cHn47aABbWJBfUfhU386VDdrJGb7E\nqFBvKLc5dQvEyQiXD9SMwqQ8DMEkGmtZ0m/5G0a+VZha708FEyt7QPkZWu0q+aGQ\n3JfLAhhyu7T3Eb0Nhh1nrw8S6icSMldLtqyL5gZZG/5pODAWLAyhzWD2tcWNQe13\nkjb7jqe46+EkTbDdGz3QyBXIgfF9W2jloW3ufLT0JBvG6eNmpQg8pESGWd6/zdQM\nLkvpZ3Cqzo+ozsj+uvt7tucv8Ok0tW9RKWrMdCJLINaU5bItEJ2j7tKyxYtQrrmk\n1zZDAAABAQDFBKocOiIXzQcZO0mIw08YUbCrRTtzIrsKOIGkrgokB9h1lQyyxyDI\ngWSKYzTGXmh/mFm8xw60A0wMBQKjEJgn2u48QJ+bNGC+znfesgPlhYoxLZCg6hKU\npK14g+nxgBInV4MVVzAwc9+Qgv0T/AF+tdFTxXcM939YI7MXHc1BuhQ4GmIIE3OM\nLX5YOUuxQRJWbYyVFeox81Y+kDq70IddKjrPt5vfDswHRTcaMf/axCXsG+XWmWCZ\nlDbKEn15pZQW209os+seR01ypq2lK+tIbTUQ0TSL9iHZnAOFOOTZ9L7e8v/5gIdp\n52jdTfOpBJo7b0pnHVmmNyXUU9wJUzFxAAAAAAEC\n-----END OPENSSH PRIVATE KEY-----\n",
            "private_key_pem": "-----BEGIN RSA PRIVATE KEY-----\nMIIJKQIBAAKCAgEAxMFu25yWxOo3MmH2T4fQhVbrTplc/+bYu2zmmfPQczpV6RL8\nHvk44zRWCHomVCcpYS0YzKzyF5Ts0KsnK1MzF5snuiXnIeqWIVVCvafy4T5pNT3x\nrRp2vp3CyAJ0YxbOtgmgKKaS+zO8Jrtw9DWhzFIVS2rYPpQjjqZ4prqsjcYZUQ/V\nY03hVCdGSyaZ7DF+IdNmny7gnobmFJKsszj2Ct4U8aAHXntiMlXnVWFnCvESuanI\nvQSTuU2hPSHVTuW2pKlBo8na+cuYFKQoQRA5tnBU5eBm1YuzCeZpjq6QXBl1zwxl\nHU5JBHVDMQkLtUK8JxTlwD/T/3ebC4b9Nz6eQR/V2xgJOITIxpdgO1IZqqaBC/t1\n7mcHOccmOd5O41rO+5FKgvCr5BH4pPmCQRDqe51MYqWUmcmRaKiUG9UgB8U+YP0y\nPqtiWudvDhuSsxqpsgcZLs5MCJZ+IvhaD+RY99vztxyqvYTDy/fKRF7bLsEhkxnN\nDr/ECz4NE6ykDIO/O7tuLuwMDyiL6khtawY+Mb4r3DtRpGS5n/JlGezpDgIc36Oj\npO2/m2kwrQXmVRkyD/BWu4pAFaELR3wnqdeZ17W/VewXRMn9U+ZNcjctUO5R9gZ5\nY8O9y8c2MU2ziLe5rzUCJyZUrFxbVYHDollW7J37UF57bcmbKxEFwecaxpMCAwEA\nAQKCAgBkVvlAChVhishna0n/uRWASplp1hB1eLairqDTdmGhweg6GrJ04Ug/plsR\nq6mMVQRnSGZTSweTOyGiMQais6Vkrn2OEvJSe53gleiZa+MTN47T1ik/zDUudKn2\n8jmEpwb4EuSYlopyjSmw3vp1sDw5RMsTUQPCti2D/CWfcae6DYKvslFyeS8miXjx\nrlfk+kCG45Z8K53leoovh7WHGM9xL1yi9KeNaYLkhKabBjdUfyi7gnia3JCxeYN2\n96AewktooeCVtMV1inyeWjElLS8heRvyt4P592pw7A58800vitRnqLyQO3JFUb/Y\na/KKl+P4UlHwvxxQNiDduhO8brSpPsXpOQ39zeg9jC3Vw4hjxemeyf/Q8JKcq835\npliWgzUhz9iVav6LGwYe09zPu0cbsBe2uJoO/cFq0HoSiaSDZEITjL7dJx/tify2\nqihIFEv41UoIj5esFR1YHtp+WzCG5jIOJ9D5wy9aUtiOYdQbgXBjJ9WVZYOZJQVK\nJ0CMlBlDGm6j1+gYEOA1ft6RO2uNWJ4siz/zRgxuOHXLzH9QdORHGdP0hzXRRI4j\nbqd4nZyfe7jJdi9+2KAk1TLw8PYbp9OIPXAJSqo6nR9PWhAUGeoWXnWpR3Jo06kD\nr95KhKOSl1F30BC7KdHO0cvRAftdoKi0xYgBaXuIVfIwRUFgQQKCAQEA/6ikLU+7\najHn3v9SIlNgLfQ/6PboWkZInKVe+QKIZCQSO/fYiId/nB5+O2gAW1iQX1H4VN/O\nlQ3ayRm+xKhQbyi3OXULxMkIlw/UjMKkPAzBJBprWdJv+RtGvlWYWu9PBRMre0D5\nGVrtKvmhkNyXywIYcru09xG9DYYdZ68PEuonEjJXS7asi+YGWRv+aTgwFiwMoc1g\n9rXFjUHtd5I2+46nuOvhJE2w3Rs90MgVyIHxfVto5aFt7ny09CQbxunjZqUIPKRE\nhlnev83UDC5L6Wdwqs6PqM7I/rr7e7bnL/DpNLVvUSlqzHQiSyDWlOWyLRCdo+7S\nssWLUK65pNc2QwKCAQEAxQSqHDoiF80HGTtJiMNPGFGwq0U7cyK7CjiBpK4KJAfY\ndZUMsscgyIFkimM0xl5of5hZvMcOtANMDAUCoxCYJ9ruPECfmzRgvs533rID5YWK\nMS2QoOoSlKSteIPp8YASJ1eDFVcwMHPfkIL9E/wBfrXRU8V3DPd/WCOzFx3NQboU\nOBpiCBNzjC1+WDlLsUESVm2MlRXqMfNWPpA6u9CHXSo6z7eb3w7MB0U3GjH/2sQl\n7Bvl1plgmZQ2yhJ9eaWUFttPaLPrHkdNcqatpSvrSG01ENE0i/Yh2ZwDhTjk2fS+\n3vL/+YCHaedo3U3zqQSaO29KZx1Zpjcl1FPcCVMxcQKCAQEAlcI92eUYzc5KG1DI\n1h6s+n5Xaaoo1ajSJCCjD46yQqb2n3ZBu0hUMimSnE4B14B7obqsk1s+8gVZoe+Y\n1i4aX+Mj4V509GMmywaU5ZenCR4XjYSEWetxeCTIPfp58tq4GSrvj5Wx1W5z+3ab\nc/YkXODvXVYjXY9ghSmI1BGx7MyI8pnWlR1+2bx2/3/secpWMMbA548dO6ei/2od\nJqvZ1WXtTd+u1MtFzV+FyGVMjVXBFkOToN/9O3SFs3XrZ4vej2Qg/RTkpybB2u1B\nR5lfEmxrjULO2H25M65oXkH4Dxc6JIwblxmB3B4zcHrd9/7NbqSLE1p0xg/92ddg\nG/WNbQKCAQBPkxC6EejPQCpL0Jxktq3tnqECrBXU7QQqnqQORZUm9FxDMY5NbwwY\nr9pR4rvgGyWN05T7IFMZ9fLzL9rezccG4fAzOc69OyyQJIhZ1ACq5YLpVgQCWkhi\n7Rh7gpwsxJOQfFIffnWiPErh7WYWekSITxtbAHiTLiurB9A/1/OdRnEAL/fEV0bm\nKUHMlGe0Eho7+kc7t/w9bJE697ohPZpO0M2sM/aq4ykZDqWw2N0EGRFQCfyM7qoL\nncd7Wnh/d5cWnEG4gmLGefoYAqZD/jcrq6AxSK42kZUedVsepdoZBjdJiVBGD9mh\ntquuJtvxOkCpHMwqVbpt3fxThANtaMKhAoIBAQCPTDVBhmgiHY+pquAIxZQfg7QX\n56+xETiAF05Lme8E+jnnjAa+hBK01FMA4P4fFiGrddEptr3oBMSN36wP9j/CTHh2\nci81ETS0pLLlmJfYrg0vE3lD8FO/bQmBoM7XFQ9cyOPi+E/yA95LUo1+hDtdwBCB\nZYRzKoij1yUVXy+9rL/M6Kifl6E6AiIjccPte15lONUoH53GrXHhfFtM+B3J8LF2\nhnlNTqEYT8jI76ri/12RrjXBvkN0Xj59hZZLE/SknaVMFne5LbGj7GxEry2bFpAB\nSdc+sIZC8CThqwCI1G2b9MmLwf1TdcVcVJsnrir/1ivCRwHnSp3JU2f3cDwi\n-----END RSA PRIVATE KEY-----\n",
            "private_key_pem_pkcs8": "-----BEGIN PRIVATE KEY-----\nMIIJQwIBADANBgkqhkiG9w0BAQEFAASCCS0wggkpAgEAAoICAQDEwW7bnJbE6jcy\nYfZPh9CFVutOmVz/5ti7bOaZ89BzOlXpEvwe+TjjNFYIeiZUJylhLRjMrPIXlOzQ\nqycrUzMXmye6Jech6pYhVUK9p/LhPmk1PfGtGna+ncLIAnRjFs62CaAoppL7M7wm\nu3D0NaHMUhVLatg+lCOOpnimuqyNxhlRD9VjTeFUJ0ZLJpnsMX4h02afLuCehuYU\nkqyzOPYK3hTxoAdee2IyVedVYWcK8RK5qci9BJO5TaE9IdVO5bakqUGjydr5y5gU\npChBEDm2cFTl4GbVi7MJ5mmOrpBcGXXPDGUdTkkEdUMxCQu1QrwnFOXAP9P/d5sL\nhv03Pp5BH9XbGAk4hMjGl2A7UhmqpoEL+3XuZwc5xyY53k7jWs77kUqC8KvkEfik\n+YJBEOp7nUxipZSZyZFoqJQb1SAHxT5g/TI+q2Ja528OG5KzGqmyBxkuzkwIln4i\n+FoP5Fj32/O3HKq9hMPL98pEXtsuwSGTGc0Ov8QLPg0TrKQMg787u24u7AwPKIvq\nSG1rBj4xvivcO1GkZLmf8mUZ7OkOAhzfo6Ok7b+baTCtBeZVGTIP8Fa7ikAVoQtH\nfCep15nXtb9V7BdEyf1T5k1yNy1Q7lH2Bnljw73LxzYxTbOIt7mvNQInJlSsXFtV\ngcOiWVbsnftQXnttyZsrEQXB5xrGkwIDAQABAoICAGRW+UAKFWGKyGdrSf+5FYBK\nmWnWEHV4tqKuoNN2YaHB6DoasnThSD+mWxGrqYxVBGdIZlNLB5M7IaIxBqKzpWSu\nfY4S8lJ7neCV6Jlr4xM3jtPWKT/MNS50qfbyOYSnBvgS5JiWinKNKbDe+nWwPDlE\nyxNRA8K2LYP8JZ9xp7oNgq+yUXJ5LyaJePGuV+T6QIbjlnwrneV6ii+HtYcYz3Ev\nXKL0p41pguSEppsGN1R/KLuCeJrckLF5g3b3oB7CS2ih4JW0xXWKfJ5aMSUtLyF5\nG/K3g/n3anDsDnzzTS+K1GeovJA7ckVRv9hr8oqX4/hSUfC/HFA2IN26E7xutKk+\nxek5Df3N6D2MLdXDiGPF6Z7J/9DwkpyrzfmmWJaDNSHP2JVq/osbBh7T3M+7Rxuw\nF7a4mg79wWrQehKJpINkQhOMvt0nH+2J/LaqKEgUS/jVSgiPl6wVHVge2n5bMIbm\nMg4n0PnDL1pS2I5h1BuBcGMn1ZVlg5klBUonQIyUGUMabqPX6BgQ4DV+3pE7a41Y\nniyLP/NGDG44dcvMf1B05EcZ0/SHNdFEjiNup3idnJ97uMl2L37YoCTVMvDw9hun\n04g9cAlKqjqdH09aEBQZ6hZedalHcmjTqQOv3kqEo5KXUXfQELsp0c7Ry9EB+12g\nqLTFiAFpe4hV8jBFQWBBAoIBAQD/qKQtT7tqMefe/1IiU2At9D/o9uhaRkicpV75\nAohkJBI799iIh3+cHn47aABbWJBfUfhU386VDdrJGb7EqFBvKLc5dQvEyQiXD9SM\nwqQ8DMEkGmtZ0m/5G0a+VZha708FEyt7QPkZWu0q+aGQ3JfLAhhyu7T3Eb0Nhh1n\nrw8S6icSMldLtqyL5gZZG/5pODAWLAyhzWD2tcWNQe13kjb7jqe46+EkTbDdGz3Q\nyBXIgfF9W2jloW3ufLT0JBvG6eNmpQg8pESGWd6/zdQMLkvpZ3Cqzo+ozsj+uvt7\ntucv8Ok0tW9RKWrMdCJLINaU5bItEJ2j7tKyxYtQrrmk1zZDAoIBAQDFBKocOiIX\nzQcZO0mIw08YUbCrRTtzIrsKOIGkrgokB9h1lQyyxyDIgWSKYzTGXmh/mFm8xw60\nA0wMBQKjEJgn2u48QJ+bNGC+znfesgPlhYoxLZCg6hKUpK14g+nxgBInV4MVVzAw\nc9+Qgv0T/AF+tdFTxXcM939YI7MXHc1BuhQ4GmIIE3OMLX5YOUuxQRJWbYyVFeox\n81Y+kDq70IddKjrPt5vfDswHRTcaMf/axCXsG+XWmWCZlDbKEn15pZQW209os+se\nR01ypq2lK+tIbTUQ0TSL9iHZnAOFOOTZ9L7e8v/5gIdp52jdTfOpBJo7b0pnHVmm\nNyXUU9wJUzFxAoIBAQCVwj3Z5RjNzkobUMjWHqz6fldpqijVqNIkIKMPjrJCpvaf\ndkG7SFQyKZKcTgHXgHuhuqyTWz7yBVmh75jWLhpf4yPhXnT0YybLBpTll6cJHheN\nhIRZ63F4JMg9+nny2rgZKu+PlbHVbnP7dptz9iRc4O9dViNdj2CFKYjUEbHszIjy\nmdaVHX7ZvHb/f+x5ylYwxsDnjx07p6L/ah0mq9nVZe1N367Uy0XNX4XIZUyNVcEW\nQ5Og3/07dIWzdetni96PZCD9FOSnJsHa7UFHmV8SbGuNQs7YfbkzrmheQfgPFzok\njBuXGYHcHjNwet33/s1upIsTWnTGD/3Z12Ab9Y1tAoIBAE+TELoR6M9AKkvQnGS2\nre2eoQKsFdTtBCqepA5FlSb0XEMxjk1vDBiv2lHiu+AbJY3TlPsgUxn18vMv2t7N\nxwbh8DM5zr07LJAkiFnUAKrlgulWBAJaSGLtGHuCnCzEk5B8Uh9+daI8SuHtZhZ6\nRIhPG1sAeJMuK6sH0D/X851GcQAv98RXRuYpQcyUZ7QSGjv6Rzu3/D1skTr3uiE9\nmk7Qzawz9qrjKRkOpbDY3QQZEVAJ/Izuqgudx3taeH93lxacQbiCYsZ5+hgCpkP+\nNyuroDFIrjaRlR51Wx6l2hkGN0mJUEYP2aG2q64m2/E6QKkczCpVum3d/FOEA21o\nwqECggEBAI9MNUGGaCIdj6mq4AjFlB+DtBfnr7EROIAXTkuZ7wT6OeeMBr6EErTU\nUwDg/h8WIat10Sm2vegExI3frA/2P8JMeHZyLzURNLSksuWYl9iuDS8TeUPwU79t\nCYGgztcVD1zI4+L4T/ID3ktSjX6EO13AEIFlhHMqiKPXJRVfL72sv8zoqJ+XoToC\nIiNxw+17XmU41SgfncatceF8W0z4HcnwsXaGeU1OoRhPyMjvquL/XZGuNcG+Q3Re\nPn2FlksT9KSdpUwWd7ktsaPsbESvLZsWkAFJ1z6whkLwJOGrAIjUbZv0yYvB/VN1\nxVxUmyeuKv/WK8JHAedKnclTZ/dwPCI=\n-----END PRIVATE KEY-----\n",
            "public_key_fingerprint_md5": "f5:08:b7:d1:5e:b7:da:8d:17:88:ce:a2:71:9c:5d:71",
            "public_key_fingerprint_sha256": "SHA256:4XcpOeOx3YwaSvG2b/O4zlgphMGuRVMtyITeG+HKc00",
            "public_key_openssh": "ssh-rsa AAAAB3NzaC1yc2EAAAADAQABAAACAQDEwW7bnJbE6jcyYfZPh9CFVutOmVz/5ti7bOaZ89BzOlXpEvwe+TjjNFYIeiZUJylhLRjMrPIXlOzQqycrUzMXmye6Jech6pYhVUK9p/LhPmk1PfGtGna+ncLIAnRjFs62CaAoppL7M7wmu3D0NaHMUhVLatg+lCOOpnimuqyNxhlRD9VjTeFUJ0ZLJpnsMX4h02afLuCehuYUkqyzOPYK3hTxoAdee2IyVedVYWcK8RK5qci9BJO5TaE9IdVO5bakqUGjydr5y5gUpChBEDm2cFTl4GbVi7MJ5mmOrpBcGXXPDGUdTkkEdUMxCQu1QrwnFOXAP9P/d5sLhv03Pp5BH9XbGAk4hMjGl2A7UhmqpoEL+3XuZwc5xyY53k7jWs77kUqC8KvkEfik+YJBEOp7nUxipZSZyZFoqJQb1SAHxT5g/TI+q2Ja528OG5KzGqmyBxkuzkwIln4i+FoP5Fj32/O3HKq9hMPL98pEXtsuwSGTGc0Ov8QLPg0TrKQMg787u24u7AwPKIvqSG1rBj4xvivcO1GkZLmf8mUZ7OkOAhzfo6Ok7b+baTCtBeZVGTIP8Fa7ikAVoQtHfCep15nXtb9V7BdEyf1T5k1yNy1Q7lH2Bnljw73LxzYxTbOIt7mvNQInJlSsXFtVgcOiWVbsnftQXnttyZsrEQXB5xrGkw==\n",
            "public_key_pem": "-----BEGIN PUBLIC KEY-----\nMIICIjANBgkqhkiG9w0BAQEFAAOCAg8AMIICCgKCAgEAxMFu25yWxOo3MmH2T4fQ\nhVbrTplc/+bYu2zmmfPQczpV6RL8Hvk44zRWCHomVCcpYS0YzKzyF5Ts0KsnK1Mz\nF5snuiXnIeqWIVVCvafy4T5pNT3xrRp2vp3CyAJ0YxbOtgmgKKaS+zO8Jrtw9DWh\nzFIVS2rYPpQjjqZ4prqsjcYZUQ/VY03hVCdGSyaZ7DF+IdNmny7gnobmFJKsszj2\nCt4U8aAHXntiMlXnVWFnCvESuanIvQSTuU2hPSHVTuW2pKlBo8na+cuYFKQoQRA5\ntnBU5eBm1YuzCeZpjq6QXBl1zwxlHU5JBHVDMQkLtUK8JxTlwD/T/3ebC4b9Nz6e\nQR/V2xgJOITIxpdgO1IZqqaBC/t17mcHOccmOd5O41rO+5FKgvCr5BH4pPmCQRDq\ne51MYqWUmcmRaKiUG9UgB8U+YP0yPqtiWudvDhuSsxqpsgcZLs5MCJZ+IvhaD+RY\n99vztxyqvYTDy/fKRF7bLsEhkxnNDr/ECz4NE6ykDIO/O7tuLuwMDyiL6khtawY+\nMb4r3DtRpGS5n/JlGezpDgIc36OjpO2/m2kwrQXmVRkyD/BWu4pAFaELR3wnqdeZ\n17W/VewXRMn9U+ZNcjctUO5R9gZ5Y8O9y8c2MU2ziLe5rzUCJyZUrFxbVYHDollW\n7J37UF57bcmbKxEFwecaxpMCAwEAAQ==\n-----END PUBLIC KEY-----\n",
            "rsa_bits": 4096
          },
          "sensitive_attributes": [
            [
              {
                "type": "get_attr",
                "value": "private_key_openssh"
              }
            ],
            [
              {
                "type": "get_attr",
                "value": "private_key_pem"
              }
            ],
            [
              {
                "type": "get_attr",
                "value": "private_key_pem_pkcs8"
              }
            ]
          ]
        }
      ]
    }
  ],
  "check_results": null
}
